
Microsoft Visual Studio Solution File, Format Version 12.00
# Visual Studio 15
VisualStudioVersion = 15.0.28307.1927
MinimumVisualStudioVersion = 10.0.40219.1
Project("{FAE04EC0-301F-11D3-BF4B-00C04F79EFBC}") = "QueueExample", "QueueExample\QueueExample.csproj", "{F579356A-F538-4E38-B2B0-B42D73604239}"
EndProject
Global
	GlobalSection(SolutionConfigurationPlatforms) = preSolution
		Debug|Any CPU = Debug|Any CPU
		Release|Any CPU = Release|Any CPU
	EndGlobalSection
	GlobalSection(ProjectConfigurationPlatforms) = postSolution
		{F579356A-F538-4E38-B2B0-B42D73604239}.Debug|Any CPU.ActiveCfg = Debug|Any CPU
		{F579356A-F538-4E38-B2B0-B42D73604239}.Debug|Any CPU.Build.0 = Debug|Any CPU
		{F579356A-F538-4E38-B2B0-B42D73604239}.Release|Any CPU.ActiveCfg = Release|Any CPU
		{F579356A-F538-4E38-B2B0-B42D73604239}.Release|Any CPU.Build.0 = Release|Any CPU
	EndGlobalSection
	GlobalSection(SolutionProperties) = preSolution
		HideSolutionNode = FALSE
	EndGlobalSection
	GlobalSection(ExtensibilityGlobals) = postSolution
		SolutionGuid = {F714E961-7CCB-472E-BCFF-F066041B7140}
	EndGlobalSection
EndGlobal
