
Microsoft Visual Studio Solution File, Format Version 12.00
# Visual Studio Version 17
VisualStudioVersion = 17.3.32825.248
MinimumVisualStudioVersion = 10.0.40219.1
Project("{FAE04EC0-301F-11D3-BF4B-00C04F79EFBC}") = "AnonymousTypeExample", "AnonymousTypeExample\AnonymousTypeExample.csproj", "{4A012832-A1D9-46D7-8759-4A2678B032B5}"
EndProject
Global
	GlobalSection(SolutionConfigurationPlatforms) = preSolution
		Debug|Any CPU = Debug|Any CPU
		Release|Any CPU = Release|Any CPU
	EndGlobalSection
	GlobalSection(ProjectConfigurationPlatforms) = postSolution
		{4A012832-A1D9-46D7-8759-4A2678B032B5}.Debug|Any CPU.ActiveCfg = Debug|Any CPU
		{4A012832-A1D9-46D7-8759-4A2678B032B5}.Debug|Any CPU.Build.0 = Debug|Any CPU
		{4A012832-A1D9-46D7-8759-4A2678B032B5}.Release|Any CPU.ActiveCfg = Release|Any CPU
		{4A012832-A1D9-46D7-8759-4A2678B032B5}.Release|Any CPU.Build.0 = Release|Any CPU
	EndGlobalSection
	GlobalSection(SolutionProperties) = preSolution
		HideSolutionNode = FALSE
	EndGlobalSection
	GlobalSection(ExtensibilityGlobals) = postSolution
		SolutionGuid = {FA9AE808-A0DC-4EB7-9A80-3619FDC2F2B3}
	EndGlobalSection
EndGlobal
