
Microsoft Visual Studio Solution File, Format Version 12.00
# Visual Studio Version 17
VisualStudioVersion = 17.3.32825.248
MinimumVisualStudioVersion = 10.0.40219.1
Project("{FAE04EC0-301F-11D3-BF4B-00C04F79EFBC}") = "WindowsVsWeb", "WindowsVsWeb\WindowsVsWeb.csproj", "{71A6A330-5D11-4972-B988-C36B8915826E}"
EndProject
Global
	GlobalSection(SolutionConfigurationPlatforms) = preSolution
		Debug|Any CPU = Debug|Any CPU
		Release|Any CPU = Release|Any CPU
	EndGlobalSection
	GlobalSection(ProjectConfigurationPlatforms) = postSolution
		{71A6A330-5D11-4972-B988-C36B8915826E}.Debug|Any CPU.ActiveCfg = Debug|Any CPU
		{71A6A330-5D11-4972-B988-C36B8915826E}.Debug|Any CPU.Build.0 = Debug|Any CPU
		{71A6A330-5D11-4972-B988-C36B8915826E}.Release|Any CPU.ActiveCfg = Release|Any CPU
		{71A6A330-5D11-4972-B988-C36B8915826E}.Release|Any CPU.Build.0 = Release|Any CPU
	EndGlobalSection
	GlobalSection(SolutionProperties) = preSolution
		HideSolutionNode = FALSE
	EndGlobalSection
	GlobalSection(ExtensibilityGlobals) = postSolution
		SolutionGuid = {AEDEC103-91F7-403C-9CEA-E8123E0238FA}
	EndGlobalSection
EndGlobal
