
Microsoft Visual Studio Solution File, Format Version 12.00
# Visual Studio 15
VisualStudioVersion = 15.0.28307.1927
MinimumVisualStudioVersion = 10.0.40219.1
Project("{FAE04EC0-301F-11D3-BF4B-00C04F79EFBC}") = "HelloWorldApp", "HelloWorldForm\HelloWorldApp.csproj", "{B9DEE498-2B21-4078-B844-0C46AC4ADABE}"
EndProject
Global
	GlobalSection(SolutionConfigurationPlatforms) = preSolution
		Debug|Any CPU = Debug|Any CPU
		Release|Any CPU = Release|Any CPU
	EndGlobalSection
	GlobalSection(ProjectConfigurationPlatforms) = postSolution
		{B9DEE498-2B21-4078-B844-0C46AC4ADABE}.Debug|Any CPU.ActiveCfg = Debug|Any CPU
		{B9DEE498-2B21-4078-B844-0C46AC4ADABE}.Debug|Any CPU.Build.0 = Debug|Any CPU
		{B9DEE498-2B21-4078-B844-0C46AC4ADABE}.Release|Any CPU.ActiveCfg = Release|Any CPU
		{B9DEE498-2B21-4078-B844-0C46AC4ADABE}.Release|Any CPU.Build.0 = Release|Any CPU
	EndGlobalSection
	GlobalSection(SolutionProperties) = preSolution
		HideSolutionNode = FALSE
	EndGlobalSection
	GlobalSection(ExtensibilityGlobals) = postSolution
		SolutionGuid = {C074798B-9EA9-4408-8521-437679C89569}
	EndGlobalSection
EndGlobal
