
Microsoft Visual Studio Solution File, Format Version 12.00
# Visual Studio Version 17
VisualStudioVersion = 17.3.32825.248
MinimumVisualStudioVersion = 10.0.40219.1
Project("{FAE04EC0-301F-11D3-BF4B-00C04F79EFBC}") = "UserDefineTypeApp1", "UserDefineTypeApp1\UserDefineTypeApp1.csproj", "{C768EB52-4F12-4113-B6CA-D04F6861F928}"
EndProject
Global
	GlobalSection(SolutionConfigurationPlatforms) = preSolution
		Debug|Any CPU = Debug|Any CPU
		Release|Any CPU = Release|Any CPU
	EndGlobalSection
	GlobalSection(ProjectConfigurationPlatforms) = postSolution
		{C768EB52-4F12-4113-B6CA-D04F6861F928}.Debug|Any CPU.ActiveCfg = Debug|Any CPU
		{C768EB52-4F12-4113-B6CA-D04F6861F928}.Debug|Any CPU.Build.0 = Debug|Any CPU
		{C768EB52-4F12-4113-B6CA-D04F6861F928}.Release|Any CPU.ActiveCfg = Release|Any CPU
		{C768EB52-4F12-4113-B6CA-D04F6861F928}.Release|Any CPU.Build.0 = Release|Any CPU
	EndGlobalSection
	GlobalSection(SolutionProperties) = preSolution
		HideSolutionNode = FALSE
	EndGlobalSection
	GlobalSection(ExtensibilityGlobals) = postSolution
		SolutionGuid = {66D6BAFC-805C-4622-B62F-07A15C11B65B}
	EndGlobalSection
EndGlobal
