
Microsoft Visual Studio Solution File, Format Version 12.00
# Visual Studio Version 17
VisualStudioVersion = 17.3.32825.248
MinimumVisualStudioVersion = 10.0.40219.1
Project("{FAE04EC0-301F-11D3-BF4B-00C04F79EFBC}") = "WebPageDesign", "WebPageDesign\WebPageDesign.csproj", "{2F62A40F-CB02-4794-A4BB-4CEFAF4653AB}"
EndProject
Global
	GlobalSection(SolutionConfigurationPlatforms) = preSolution
		Debug|Any CPU = Debug|Any CPU
		Release|Any CPU = Release|Any CPU
	EndGlobalSection
	GlobalSection(ProjectConfigurationPlatforms) = postSolution
		{2F62A40F-CB02-4794-A4BB-4CEFAF4653AB}.Debug|Any CPU.ActiveCfg = Debug|Any CPU
		{2F62A40F-CB02-4794-A4BB-4CEFAF4653AB}.Debug|Any CPU.Build.0 = Debug|Any CPU
		{2F62A40F-CB02-4794-A4BB-4CEFAF4653AB}.Release|Any CPU.ActiveCfg = Release|Any CPU
		{2F62A40F-CB02-4794-A4BB-4CEFAF4653AB}.Release|Any CPU.Build.0 = Release|Any CPU
	EndGlobalSection
	GlobalSection(SolutionProperties) = preSolution
		HideSolutionNode = FALSE
	EndGlobalSection
	GlobalSection(ExtensibilityGlobals) = postSolution
		SolutionGuid = {4EB215B6-4D16-43B1-A514-2AA3955FE3F4}
	EndGlobalSection
EndGlobal
