
Microsoft Visual Studio Solution File, Format Version 12.00
# Visual Studio Version 17
VisualStudioVersion = 17.3.32825.248
MinimumVisualStudioVersion = 10.0.40219.1
Project("{FAE04EC0-301F-11D3-BF4B-00C04F79EFBC}") = "OOPExample", "OOPExample\OOPExample.csproj", "{671DA0F7-521E-462C-8C8A-B5BBFF512359}"
EndProject
Global
	GlobalSection(SolutionConfigurationPlatforms) = preSolution
		Debug|Any CPU = Debug|Any CPU
		Release|Any CPU = Release|Any CPU
	EndGlobalSection
	GlobalSection(ProjectConfigurationPlatforms) = postSolution
		{671DA0F7-521E-462C-8C8A-B5BBFF512359}.Debug|Any CPU.ActiveCfg = Debug|Any CPU
		{671DA0F7-521E-462C-8C8A-B5BBFF512359}.Debug|Any CPU.Build.0 = Debug|Any CPU
		{671DA0F7-521E-462C-8C8A-B5BBFF512359}.Release|Any CPU.ActiveCfg = Release|Any CPU
		{671DA0F7-521E-462C-8C8A-B5BBFF512359}.Release|Any CPU.Build.0 = Release|Any CPU
	EndGlobalSection
	GlobalSection(SolutionProperties) = preSolution
		HideSolutionNode = FALSE
	EndGlobalSection
	GlobalSection(ExtensibilityGlobals) = postSolution
		SolutionGuid = {97152107-E2CB-4E8E-8F9F-230D6FEEF3DD}
	EndGlobalSection
EndGlobal
